
Microsoft Visual Studio Solution File, Format Version 12.00
# Visual Studio Version 17
VisualStudioVersion = 17.2.32616.157
MinimumVisualStudioVersion = 10.0.40219.1
Project("{FAE04EC0-301F-11D3-BF4B-00C04F79EFBC}") = "Prototype2", "coursework2\Prototype2.csproj", "{72ABE5E5-E95F-44BB-90C0-2F1E2E99B2BF}"
EndProject
Project("{FAE04EC0-301F-11D3-BF4B-00C04F79EFBC}") = "Prototype1", "coursework\Prototype1.csproj", "{51AC9E94-9285-4EB8-B6A1-4AB5385C2C34}"
EndProject
Project("{FAE04EC0-301F-11D3-BF4B-00C04F79EFBC}") = "Prototype3", "Prototype3\Prototype3.csproj", "{ACD7D346-9EC7-4AC4-9602-8D274BC2FE28}"
EndProject
Global
	GlobalSection(SolutionConfigurationPlatforms) = preSolution
		Debug|Any CPU = Debug|Any CPU
		Release|Any CPU = Release|Any CPU
	EndGlobalSection
	GlobalSection(ProjectConfigurationPlatforms) = postSolution
		{72ABE5E5-E95F-44BB-90C0-2F1E2E99B2BF}.Debug|Any CPU.ActiveCfg = Debug|Any CPU
		{72ABE5E5-E95F-44BB-90C0-2F1E2E99B2BF}.Debug|Any CPU.Build.0 = Debug|Any CPU
		{72ABE5E5-E95F-44BB-90C0-2F1E2E99B2BF}.Release|Any CPU.ActiveCfg = Release|Any CPU
		{72ABE5E5-E95F-44BB-90C0-2F1E2E99B2BF}.Release|Any CPU.Build.0 = Release|Any CPU
		{51AC9E94-9285-4EB8-B6A1-4AB5385C2C34}.Debug|Any CPU.ActiveCfg = Debug|Any CPU
		{51AC9E94-9285-4EB8-B6A1-4AB5385C2C34}.Debug|Any CPU.Build.0 = Debug|Any CPU
		{51AC9E94-9285-4EB8-B6A1-4AB5385C2C34}.Release|Any CPU.ActiveCfg = Release|Any CPU
		{51AC9E94-9285-4EB8-B6A1-4AB5385C2C34}.Release|Any CPU.Build.0 = Release|Any CPU
		{ACD7D346-9EC7-4AC4-9602-8D274BC2FE28}.Debug|Any CPU.ActiveCfg = Debug|Any CPU
		{ACD7D346-9EC7-4AC4-9602-8D274BC2FE28}.Debug|Any CPU.Build.0 = Debug|Any CPU
		{ACD7D346-9EC7-4AC4-9602-8D274BC2FE28}.Release|Any CPU.ActiveCfg = Release|Any CPU
		{ACD7D346-9EC7-4AC4-9602-8D274BC2FE28}.Release|Any CPU.Build.0 = Release|Any CPU
	EndGlobalSection
	GlobalSection(SolutionProperties) = preSolution
		HideSolutionNode = FALSE
	EndGlobalSection
	GlobalSection(ExtensibilityGlobals) = postSolution
		SolutionGuid = {9A0C43D1-3ACE-434A-85A3-C508E8B0AE32}
	EndGlobalSection
EndGlobal
